
Microsoft Visual Studio Solution File, Format Version 12.00
# Visual Studio Version 16
VisualStudioVersion = 16.0.30804.86
MinimumVisualStudioVersion = 10.0.40219.1
Project("{FAE04EC0-301F-11D3-BF4B-00C04F79EFBC}") = "NavigationSample", "NavigationSample\NavigationSample.csproj", "{58BDF10D-3661-4641-B8FE-20FEEDBE39B5}"
EndProject
Project("{FAE04EC0-301F-11D3-BF4B-00C04F79EFBC}") = "NavigationSample.Android", "NavigationSample.Android\NavigationSample.Android.csproj", "{7BA9257C-D1EC-4F7D-8AD9-162A8E410955}"
EndProject
Project("{FAE04EC0-301F-11D3-BF4B-00C04F79EFBC}") = "NavigationSample.iOS", "NavigationSample.iOS\NavigationSample.iOS.csproj", "{7C5DC1CF-28DB-45E0-B960-AC3EC7171C1B}"
EndProject
Global
	GlobalSection(SolutionConfigurationPlatforms) = preSolution
		Ad-Hoc|Any CPU = Ad-Hoc|Any CPU
		Ad-Hoc|iPhone = Ad-Hoc|iPhone
		Ad-Hoc|iPhoneSimulator = Ad-Hoc|iPhoneSimulator
		AppStore|Any CPU = AppStore|Any CPU
		AppStore|iPhone = AppStore|iPhone
		AppStore|iPhoneSimulator = AppStore|iPhoneSimulator
		Debug|Any CPU = Debug|Any CPU
		Debug|iPhone = Debug|iPhone
		Debug|iPhoneSimulator = Debug|iPhoneSimulator
		Release|Any CPU = Release|Any CPU
		Release|iPhone = Release|iPhone
		Release|iPhoneSimulator = Release|iPhoneSimulator
	EndGlobalSection
	GlobalSection(ProjectConfigurationPlatforms) = postSolution
		{58BDF10D-3661-4641-B8FE-20FEEDBE39B5}.Ad-Hoc|Any CPU.ActiveCfg = Debug|Any CPU
		{58BDF10D-3661-4641-B8FE-20FEEDBE39B5}.Ad-Hoc|Any CPU.Build.0 = Debug|Any CPU
		{58BDF10D-3661-4641-B8FE-20FEEDBE39B5}.Ad-Hoc|iPhone.ActiveCfg = Debug|Any CPU
		{58BDF10D-3661-4641-B8FE-20FEEDBE39B5}.Ad-Hoc|iPhone.Build.0 = Debug|Any CPU
		{58BDF10D-3661-4641-B8FE-20FEEDBE39B5}.Ad-Hoc|iPhoneSimulator.ActiveCfg = Debug|Any CPU
		{58BDF10D-3661-4641-B8FE-20FEEDBE39B5}.Ad-Hoc|iPhoneSimulator.Build.0 = Debug|Any CPU
		{58BDF10D-3661-4641-B8FE-20FEEDBE39B5}.AppStore|Any CPU.ActiveCfg = Debug|Any CPU
		{58BDF10D-3661-4641-B8FE-20FEEDBE39B5}.AppStore|Any CPU.Build.0 = Debug|Any CPU
		{58BDF10D-3661-4641-B8FE-20FEEDBE39B5}.AppStore|iPhone.ActiveCfg = Debug|Any CPU
		{58BDF10D-3661-4641-B8FE-20FEEDBE39B5}.AppStore|iPhone.Build.0 = Debug|Any CPU
		{58BDF10D-3661-4641-B8FE-20FEEDBE39B5}.AppStore|iPhoneSimulator.ActiveCfg = Debug|Any CPU
		{58BDF10D-3661-4641-B8FE-20FEEDBE39B5}.AppStore|iPhoneSimulator.Build.0 = Debug|Any CPU
		{58BDF10D-3661-4641-B8FE-20FEEDBE39B5}.Debug|Any CPU.ActiveCfg = Debug|Any CPU
		{58BDF10D-3661-4641-B8FE-20FEEDBE39B5}.Debug|Any CPU.Build.0 = Debug|Any CPU
		{58BDF10D-3661-4641-B8FE-20FEEDBE39B5}.Debug|iPhone.ActiveCfg = Debug|Any CPU
		{58BDF10D-3661-4641-B8FE-20FEEDBE39B5}.Debug|iPhone.Build.0 = Debug|Any CPU
		{58BDF10D-3661-4641-B8FE-20FEEDBE39B5}.Debug|iPhoneSimulator.ActiveCfg = Debug|Any CPU
		{58BDF10D-3661-4641-B8FE-20FEEDBE39B5}.Debug|iPhoneSimulator.Build.0 = Debug|Any CPU
		{58BDF10D-3661-4641-B8FE-20FEEDBE39B5}.Release|Any CPU.ActiveCfg = Release|Any CPU
		{58BDF10D-3661-4641-B8FE-20FEEDBE39B5}.Release|Any CPU.Build.0 = Release|Any CPU
		{58BDF10D-3661-4641-B8FE-20FEEDBE39B5}.Release|iPhone.ActiveCfg = Release|Any CPU
		{58BDF10D-3661-4641-B8FE-20FEEDBE39B5}.Release|iPhone.Build.0 = Release|Any CPU
		{58BDF10D-3661-4641-B8FE-20FEEDBE39B5}.Release|iPhoneSimulator.ActiveCfg = Release|Any CPU
		{58BDF10D-3661-4641-B8FE-20FEEDBE39B5}.Release|iPhoneSimulator.Build.0 = Release|Any CPU
		{7BA9257C-D1EC-4F7D-8AD9-162A8E410955}.Ad-Hoc|Any CPU.ActiveCfg = Debug|Any CPU
		{7BA9257C-D1EC-4F7D-8AD9-162A8E410955}.Ad-Hoc|Any CPU.Build.0 = Debug|Any CPU
		{7BA9257C-D1EC-4F7D-8AD9-162A8E410955}.Ad-Hoc|Any CPU.Deploy.0 = Debug|Any CPU
		{7BA9257C-D1EC-4F7D-8AD9-162A8E410955}.Ad-Hoc|iPhone.ActiveCfg = Debug|Any CPU
		{7BA9257C-D1EC-4F7D-8AD9-162A8E410955}.Ad-Hoc|iPhone.Build.0 = Debug|Any CPU
		{7BA9257C-D1EC-4F7D-8AD9-162A8E410955}.Ad-Hoc|iPhone.Deploy.0 = Debug|Any CPU
		{7BA9257C-D1EC-4F7D-8AD9-162A8E410955}.Ad-Hoc|iPhoneSimulator.ActiveCfg = Debug|Any CPU
		{7BA9257C-D1EC-4F7D-8AD9-162A8E410955}.Ad-Hoc|iPhoneSimulator.Build.0 = Debug|Any CPU
		{7BA9257C-D1EC-4F7D-8AD9-162A8E410955}.Ad-Hoc|iPhoneSimulator.Deploy.0 = Debug|Any CPU
		{7BA9257C-D1EC-4F7D-8AD9-162A8E410955}.AppStore|Any CPU.ActiveCfg = Debug|Any CPU
		{7BA9257C-D1EC-4F7D-8AD9-162A8E410955}.AppStore|Any CPU.Build.0 = Debug|Any CPU
		{7BA9257C-D1EC-4F7D-8AD9-162A8E410955}.AppStore|Any CPU.Deploy.0 = Debug|Any CPU
		{7BA9257C-D1EC-4F7D-8AD9-162A8E410955}.AppStore|iPhone.ActiveCfg = Debug|Any CPU
		{7BA9257C-D1EC-4F7D-8AD9-162A8E410955}.AppStore|iPhone.Build.0 = Debug|Any CPU
		{7BA9257C-D1EC-4F7D-8AD9-162A8E410955}.AppStore|iPhone.Deploy.0 = Debug|Any CPU
		{7BA9257C-D1EC-4F7D-8AD9-162A8E410955}.AppStore|iPhoneSimulator.ActiveCfg = Debug|Any CPU
		{7BA9257C-D1EC-4F7D-8AD9-162A8E410955}.AppStore|iPhoneSimulator.Build.0 = Debug|Any CPU
		{7BA9257C-D1EC-4F7D-8AD9-162A8E410955}.AppStore|iPhoneSimulator.Deploy.0 = Debug|Any CPU
		{7BA9257C-D1EC-4F7D-8AD9-162A8E410955}.Debug|Any CPU.ActiveCfg = Debug|Any CPU
		{7BA9257C-D1EC-4F7D-8AD9-162A8E410955}.Debug|Any CPU.Build.0 = Debug|Any CPU
		{7BA9257C-D1EC-4F7D-8AD9-162A8E410955}.Debug|Any CPU.Deploy.0 = Debug|Any CPU
		{7BA9257C-D1EC-4F7D-8AD9-162A8E410955}.Debug|iPhone.ActiveCfg = Debug|Any CPU
		{7BA9257C-D1EC-4F7D-8AD9-162A8E410955}.Debug|iPhone.Build.0 = Debug|Any CPU
		{7BA9257C-D1EC-4F7D-8AD9-162A8E410955}.Debug|iPhone.Deploy.0 = Debug|Any CPU
		{7BA9257C-D1EC-4F7D-8AD9-162A8E410955}.Debug|iPhoneSimulator.ActiveCfg = Debug|Any CPU
		{7BA9257C-D1EC-4F7D-8AD9-162A8E410955}.Debug|iPhoneSimulator.Build.0 = Debug|Any CPU
		{7BA9257C-D1EC-4F7D-8AD9-162A8E410955}.Debug|iPhoneSimulator.Deploy.0 = Debug|Any CPU
		{7BA9257C-D1EC-4F7D-8AD9-162A8E410955}.Release|Any CPU.ActiveCfg = Release|Any CPU
		{7BA9257C-D1EC-4F7D-8AD9-162A8E410955}.Release|Any CPU.Build.0 = Release|Any CPU
		{7BA9257C-D1EC-4F7D-8AD9-162A8E410955}.Release|Any CPU.Deploy.0 = Release|Any CPU
		{7BA9257C-D1EC-4F7D-8AD9-162A8E410955}.Release|iPhone.ActiveCfg = Release|Any CPU
		{7BA9257C-D1EC-4F7D-8AD9-162A8E410955}.Release|iPhone.Build.0 = Release|Any CPU
		{7BA9257C-D1EC-4F7D-8AD9-162A8E410955}.Release|iPhone.Deploy.0 = Release|Any CPU
		{7BA9257C-D1EC-4F7D-8AD9-162A8E410955}.Release|iPhoneSimulator.ActiveCfg = Release|Any CPU
		{7BA9257C-D1EC-4F7D-8AD9-162A8E410955}.Release|iPhoneSimulator.Build.0 = Release|Any CPU
		{7BA9257C-D1EC-4F7D-8AD9-162A8E410955}.Release|iPhoneSimulator.Deploy.0 = Release|Any CPU
		{7C5DC1CF-28DB-45E0-B960-AC3EC7171C1B}.Ad-Hoc|Any CPU.ActiveCfg = Ad-Hoc|iPhoneSimulator
		{7C5DC1CF-28DB-45E0-B960-AC3EC7171C1B}.Ad-Hoc|iPhone.ActiveCfg = Ad-Hoc|iPhone
		{7C5DC1CF-28DB-45E0-B960-AC3EC7171C1B}.Ad-Hoc|iPhone.Build.0 = Ad-Hoc|iPhone
		{7C5DC1CF-28DB-45E0-B960-AC3EC7171C1B}.Ad-Hoc|iPhoneSimulator.ActiveCfg = Ad-Hoc|iPhoneSimulator
		{7C5DC1CF-28DB-45E0-B960-AC3EC7171C1B}.Ad-Hoc|iPhoneSimulator.Build.0 = Ad-Hoc|iPhoneSimulator
		{7C5DC1CF-28DB-45E0-B960-AC3EC7171C1B}.AppStore|Any CPU.ActiveCfg = AppStore|iPhoneSimulator
		{7C5DC1CF-28DB-45E0-B960-AC3EC7171C1B}.AppStore|iPhone.ActiveCfg = AppStore|iPhone
		{7C5DC1CF-28DB-45E0-B960-AC3EC7171C1B}.AppStore|iPhone.Build.0 = AppStore|iPhone
		{7C5DC1CF-28DB-45E0-B960-AC3EC7171C1B}.AppStore|iPhoneSimulator.ActiveCfg = AppStore|iPhoneSimulator
		{7C5DC1CF-28DB-45E0-B960-AC3EC7171C1B}.AppStore|iPhoneSimulator.Build.0 = AppStore|iPhoneSimulator
		{7C5DC1CF-28DB-45E0-B960-AC3EC7171C1B}.Debug|Any CPU.ActiveCfg = Debug|iPhoneSimulator
		{7C5DC1CF-28DB-45E0-B960-AC3EC7171C1B}.Debug|iPhone.ActiveCfg = Debug|iPhone
		{7C5DC1CF-28DB-45E0-B960-AC3EC7171C1B}.Debug|iPhone.Build.0 = Debug|iPhone
		{7C5DC1CF-28DB-45E0-B960-AC3EC7171C1B}.Debug|iPhoneSimulator.ActiveCfg = Debug|iPhoneSimulator
		{7C5DC1CF-28DB-45E0-B960-AC3EC7171C1B}.Debug|iPhoneSimulator.Build.0 = Debug|iPhoneSimulator
		{7C5DC1CF-28DB-45E0-B960-AC3EC7171C1B}.Release|Any CPU.ActiveCfg = Release|iPhoneSimulator
		{7C5DC1CF-28DB-45E0-B960-AC3EC7171C1B}.Release|iPhone.ActiveCfg = Release|iPhone
		{7C5DC1CF-28DB-45E0-B960-AC3EC7171C1B}.Release|iPhone.Build.0 = Release|iPhone
		{7C5DC1CF-28DB-45E0-B960-AC3EC7171C1B}.Release|iPhoneSimulator.ActiveCfg = Release|iPhoneSimulator
		{7C5DC1CF-28DB-45E0-B960-AC3EC7171C1B}.Release|iPhoneSimulator.Build.0 = Release|iPhoneSimulator
	EndGlobalSection
	GlobalSection(SolutionProperties) = preSolution
		HideSolutionNode = FALSE
	EndGlobalSection
	GlobalSection(ExtensibilityGlobals) = postSolution
		SolutionGuid = {BCAA6654-FCAF-421F-AEB1-FA6187ADD874}
	EndGlobalSection
EndGlobal
